{
  "nodes": {
    "claude-code": {
      "inputs": {
        "nixpkgs": "nixpkgs",
        "systems": "systems"
      },
      "locked": {
        "lastModified": 1790096491,
        "narHash": "sha256-zeY26igEw0G1GnVe1fA8pa/+q7mxanzCUV91GUTedzk=",
        "owner": "sadjow",
        "repo": "claude-code-nix",
        "rev": "7e5f1c52ca206b2a3a535ec0e8f89bd1ae5f1afa",
        "type": "github"
      },
      "original": {
        "owner": "sadjow",
        "repo": "claude-code-nix",
        "type": "github"
      }
    },
    "driftwm": {
      "inputs": {
        "nixpkgs": [
          "nixpkgs"
        ]
      },
      "locked": {
        "lastModified": 1789551182,
        "narHash": "sha256-p7+kwmxfrBKysjMLj3cmIXwfDUfVD83sp+wbOmRg4Ps=",
        "owner": "malbiruk",
        "repo": "driftwm",
        "rev": "1fac923f11d4c4efa03621b7ca27c8c721162c83",
        "type": "github"
      },
      "original": {
        "owner": "malbiruk",
        "repo": "driftwm",
        "type": "github"
      }
    },
    "flake-parts": {
      "inputs": {
        "nixpkgs-lib": [
          "nixpkgs"
        ]
      },
      "locked": {
        "lastModified": 1788450739,
        "narHash": "sha256-glZLQlzIn1fXH6PazR2iUmTo7kzzyYSshrWhLS9TqCU=",
        "owner": "hercules-ci",
        "repo": "flake-parts",
        "rev": "31729ca8cbdb4fa927b34e5f4353e6a83f39e993",
        "type": "github"
      },
      "original": {
        "owner": "hercules-ci",
        "repo": "flake-parts",
        "type": "github"
      }
    },
    "flake-parts_2": {
      "inputs": {
        "nixpkgs-lib": "nixpkgs-lib"
      },
      "locked": {
        "lastModified": 1782949081,
        "narHash": "sha256-vp6Y/Grm98ESt6ceOkWiHWyZRDV3J1RID4w+6NWK9yA=",
        "owner": "hercules-ci",
        "repo": "flake-parts",
        "rev": "17c9d6cdfc60c64f4ee8d306f9bc0b4ccb51481e",
        "type": "github"
      },
      "original": {
        "owner": "hercules-ci",
        "repo": "flake-parts",
        "type": "github"
      }
    },
    "flake-utils": {
      "inputs": {
        "systems": [
          "mango",
          "scenefx",
          "systems"
        ]
      },
      "locked": {
        "lastModified": 1731533236,
        "narHash": "sha256-l0KFg5HjrsfsO/JpG+r7fRrqm12kzFHyUHqHCVpMMbI=",
        "owner": "numtide",
        "repo": "flake-utils",
        "rev": "11707dc2f618dd54ca8739b309ec4fc024de578b",
        "type": "github"
      },
      "original": {
        "owner": "numtide",
        "repo": "flake-utils",
        "type": "github"
      }
    },
    "home-manager": {
      "inputs": {
        "nixpkgs": [
          "nixpkgs"
        ]
      },
      "locked": {
        "lastModified": 1790080548,
        "narHash": "sha256-u4sa7RCbwvk8cZmAGs35F7o0h4IqDc3wsrrnjQvMumk=",
        "owner": "nix-community",
        "repo": "home-manager",
        "rev": "cbcbfa2778e0c5653ef349df3ebae8288efac3c0",
        "type": "github"
      },
      "original": {
        "owner": "nix-community",
        "repo": "home-manager",
        "type": "github"
      }
    },
    "home-manager_2": {
      "inputs": {
        "nixpkgs": [
          "zen-browser",
          "nixpkgs"
        ]
      },
      "locked": {
        "lastModified": 1789430117,
        "narHash": "sha256-t+U1mijItLJ64xZOifpfQ17kpAL73nU7pDI48ScacVc=",
        "owner": "nix-community",
        "repo": "home-manager",
        "rev": "cda90fd8838825c689fde9d3f3b4e937937790df",
        "type": "github"
      },
      "original": {
        "owner": "nix-community",
        "repo": "home-manager",
        "type": "github"
      }
    },
    "import-tree": {
      "locked": {
        "lastModified": 1788467110,
        "narHash": "sha256-ljEMTXP/rH0tOvDzc9gzwww6KcHRPRnEHzd9lK48V7s=",
        "owner": "denful",
        "repo": "import-tree",
        "rev": "eb1b52eaecc57f7c136d07ae8a93e724dfecac46",
        "type": "github"
      },
      "original": {
        "owner": "denful",
        "repo": "import-tree",
        "type": "github"
      }
    },
    "mango": {
      "inputs": {
        "flake-parts": "flake-parts_2",
        "nixpkgs": [
          "nixpkgs"
        ],
        "scenefx": "scenefx"
      },
      "locked": {
        "lastModified": 1790077061,
        "narHash": "sha256-Q6D7R0UzNvv/uY8fGQIgIOslpbgLPAftjqTW8yePQd4=",
        "owner": "mangowm",
        "repo": "mango",
        "rev": "4972b6ced4cebe342bc5f485921cad79c6a2e67e",
        "type": "github"
      },
      "original": {
        "owner": "mangowm",
        "repo": "mango",
        "type": "github"
      }
    },
    "monstar": {
      "inputs": {
        "monstar-src": "monstar-src",
        "nixpkgs": "nixpkgs_2"
      },
      "locked": {
        "lastModified": 1789727424,
        "narHash": "sha256-qBVkympYpzcmt2uiQaKOibSQFnObI3vSO3bA2kGN9Gg=",
        "owner": "Metsker",
        "repo": "monstar-nix",
        "rev": "b2a819d5ba9d56ce957f7a78c4e58fde760b9d20",
        "type": "github"
      },
      "original": {
        "owner": "Metsker",
        "repo": "monstar-nix",
        "type": "github"
      }
    },
    "monstar-src": {
      "flake": false,
      "locked": {
        "lastModified": 1789656968,
        "narHash": "sha256-+2DgQjBSQ/Kgcyu0dWkNbkgANNYmjW5Ae05t4v9CzJE=",
        "owner": "rockorager",
        "repo": "monstar",
        "rev": "bb10fa99058a73847e732fa88c9c89d9e0267ce6",
        "type": "github"
      },
      "original": {
        "owner": "rockorager",
        "repo": "monstar",
        "type": "github"
      }
    },
    "nixpkgs": {
      "locked": {
        "lastModified": 1790055231,
        "narHash": "sha256-QpXotokGh5eeMG1Njiuh27oP0rK6t5+cMp7ymXSs7mc=",
        "owner": "NixOS",
        "repo": "nixpkgs",
        "rev": "b6c98e9e6633ee64753b594ff4a5febf0367fc00",
        "type": "github"
      },
      "original": {
        "owner": "NixOS",
        "ref": "nixpkgs-unstable",
        "repo": "nixpkgs",
        "type": "github"
      }
    },
    "nixpkgs-lib": {
      "locked": {
        "lastModified": 1782614948,
        "narHash": "sha256-ePjCwr1sNm9NYUqywL7QfK3JnlS015msC+eBu2zKlp8=",
        "owner": "nix-community",
        "repo": "nixpkgs.lib",
        "rev": "db3f255737b94216eb71cce308e2912cf6bc2d7c",
        "type": "github"
      },
      "original": {
        "owner": "nix-community",
        "repo": "nixpkgs.lib",
        "type": "github"
      }
    },
    "nixpkgs_2": {
      "locked": {
        "lastModified": 1784796856,
        "narHash": "sha256-wWFrV5/Qbm+lyt5x20E/bSbfJiGKMo4RCxZV8cl/WZI=",
        "owner": "NixOS",
        "repo": "nixpkgs",
        "rev": "e2587caef70cea85dd97d7daab492899902dbf5d",
        "type": "github"
      },
      "original": {
        "owner": "NixOS",
        "ref": "nixos-unstable",
        "repo": "nixpkgs",
        "type": "github"
      }
    },
    "nixpkgs_3": {
      "locked": {
        "lastModified": 1790046670,
        "narHash": "sha256-MYiI+CzL0tuWgRPjGsKCDHqYs2T3OzMlMQWOYWG0qso=",
        "owner": "NixOS",
        "repo": "nixpkgs",
        "rev": "6774f7bc253789b113a4f39285dc0fa100abeacc",
        "type": "github"
      },
      "original": {
        "owner": "NixOS",
        "ref": "nixos-unstable",
        "repo": "nixpkgs",
        "type": "github"
      }
    },
    "nixpkgs_4": {
      "locked": {
        "lastModified": 1789785513,
        "narHash": "sha256-BMbikTjbh5H7ac/OjwGoJrlooh4dgNqhs51ABM83M7g=",
        "rev": "20b1ddd1aa5ace70c9468305030aa4f9ef79671b",
        "type": "tarball",
        "url": "https://releases.nixos.org/nixos/unstable/nixos-26.11pre1076192.20b1ddd1aa5a/nixexprs.tar.zst"
      },
      "original": {
        "type": "tarball",
        "url": "https://channels.nixos.org/nixos-unstable/nixexprs.tar.zst"
      }
    },
    "noctalia": {
      "inputs": {
        "nixpkgs": "nixpkgs_4"
      },
      "locked": {
        "lastModified": 1790104132,
        "narHash": "sha256-yvcudrhnWvWSFS2ujWxAJ7CVdgdiZs2BDGbgn38p1l0=",
        "owner": "noctalia-dev",
        "repo": "noctalia",
        "rev": "61aa22730c434500fd3f2048eba47658b1f20aad",
        "type": "github"
      },
      "original": {
        "owner": "noctalia-dev",
        "repo": "noctalia",
        "type": "github"
      }
    },
    "noctalia-greeter": {
      "inputs": {
        "nixpkgs": [
          "nixpkgs"
        ]
      },
      "locked": {
        "lastModified": 1790066870,
        "narHash": "sha256-isRM4x29AO9JCUd0YxHC4p/ik6NIQURkSaBaGxObhD4=",
        "owner": "noctalia-dev",
        "repo": "noctalia-greeter",
        "rev": "85ea4863e363973254e091bc82a3c39cb73af3c1",
        "type": "github"
      },
      "original": {
        "owner": "noctalia-dev",
        "repo": "noctalia-greeter",
        "type": "github"
      }
    },
    "obsidian-skills": {
      "flake": false,
      "locked": {
        "lastModified": 1789483437,
        "narHash": "sha256-kyH07EVmwIEC/q6i91Kz8mPE78j9ITga2NZUpU1+nHU=",
        "owner": "kepano",
        "repo": "obsidian-skills",
        "rev": "3ccff5338ea700537839b21900aa5358a0402c98",
        "type": "github"
      },
      "original": {
        "owner": "kepano",
        "repo": "obsidian-skills",
        "type": "github"
      }
    },
    "root": {
      "inputs": {
        "claude-code": "claude-code",
        "driftwm": "driftwm",
        "flake-parts": "flake-parts",
        "home-manager": "home-manager",
        "import-tree": "import-tree",
        "mango": "mango",
        "monstar": "monstar",
        "nixpkgs": "nixpkgs_3",
        "noctalia": "noctalia",
        "noctalia-greeter": "noctalia-greeter",
        "obsidian-skills": "obsidian-skills",
        "umbriel": "umbriel",
        "zen-browser": "zen-browser"
      }
    },
    "scenefx": {
      "inputs": {
        "flake-utils": "flake-utils",
        "nixpkgs": [
          "mango",
          "nixpkgs"
        ],
        "systems": "systems_2"
      },
      "locked": {
        "lastModified": 1782624992,
        "narHash": "sha256-vUjLG6eubEhJJVa9LPygIcVmNoHwYbSUTJcWEcbxnU4=",
        "owner": "wlrfx",
        "repo": "scenefx",
        "rev": "37ccd723bef49e6891156ffafce8f549f01446cc",
        "type": "github"
      },
      "original": {
        "owner": "wlrfx",
        "repo": "scenefx",
        "type": "github"
      }
    },
    "systems": {
      "locked": {
        "lastModified": 1681028828,
        "narHash": "sha256-Vy1rq5AaRuLzOxct8nz4T6wlgyUR7zLU309k9mBC768=",
        "owner": "nix-systems",
        "repo": "default",
        "rev": "da67096a3b9bf56a91d16901293e51ba5b49a27e",
        "type": "github"
      },
      "original": {
        "owner": "nix-systems",
        "repo": "default",
        "type": "github"
      }
    },
    "systems_2": {
      "locked": {
        "lastModified": 1689347949,
        "narHash": "sha256-12tWmuL2zgBgZkdoB6qXZsgJEH9LR3oUgpaQq2RbI80=",
        "owner": "nix-systems",
        "repo": "default-linux",
        "rev": "31732fcf5e8fea42e59c2488ad31a0e651500f68",
        "type": "github"
      },
      "original": {
        "owner": "nix-systems",
        "repo": "default-linux",
        "type": "github"
      }
    },
    "umbriel": {
      "inputs": {
        "nixpkgs": [
          "nixpkgs"
        ],
        "xdg-desktop-portal-umbriel": "xdg-desktop-portal-umbriel"
      },
      "locked": {
        "lastModified": 1790106067,
        "narHash": "sha256-0LGj9P4Mk4xPGbn1iXiouRwIBuCw4nTc+whttNqEI0M=",
        "owner": "noctalia-dev",
        "repo": "umbriel",
        "rev": "ac6e757cca9afdbe061f1156187a30dc0ae320a6",
        "type": "github"
      },
      "original": {
        "owner": "noctalia-dev",
        "repo": "umbriel",
        "type": "github"
      }
    },
    "xdg-desktop-portal-umbriel": {
      "inputs": {
        "nixpkgs": [
          "umbriel",
          "nixpkgs"
        ]
      },
      "locked": {
        "lastModified": 1788800127,
        "narHash": "sha256-x2D1TiCn0rTwbA8darNxthxOWOCoZLwefptsUM7587I=",
        "owner": "noctalia-dev",
        "repo": "xdg-desktop-portal-umbriel",
        "rev": "d7a1bc386c2a6dfaecaa953165f9f373735c9ee0",
        "type": "github"
      },
      "original": {
        "owner": "noctalia-dev",
        "repo": "xdg-desktop-portal-umbriel",
        "type": "github"
      }
    },
    "zen-browser": {
      "inputs": {
        "home-manager": "home-manager_2",
        "nixpkgs": [
          "nixpkgs"
        ]
      },
      "locked": {
        "lastModified": 1790101991,
        "narHash": "sha256-bNnRLtCtn2kCMeoQ/F1SBW4ltv4moQOPZ8YT0BWsoT0=",
        "owner": "0xc000022070",
        "repo": "zen-browser-flake",
        "rev": "6be82ac04e6713849ae23ec45cd606d96f3174d7",
        "type": "github"
      },
      "original": {
        "owner": "0xc000022070",
        "repo": "zen-browser-flake",
        "type": "github"
      }
    }
  },
  "root": "root",
  "version": 7
}
